
Microsoft Visual Studio Solution File, Format Version 12.00
# Visual Studio 15
VisualStudioVersion = 15.0.27703.2018
MinimumVisualStudioVersion = 10.0.40219.1
Project("{9A19103F-16F7-4668-BE54-9A1E7A4F7556}") = "WeiXin", "WeiXin\WeiXin.csproj", "{B26D4A7B-AD13-475F-98DF-9A9DBCE8785A}"
EndProject
Project("{9A19103F-16F7-4668-BE54-9A1E7A4F7556}") = "Infrastructure.WeiXin", "Infrastructure.Weixin\Infrastructure.WeiXin.csproj", "{1D09D4F7-5533-4956-88E8-7DB2C7953184}"
EndProject
Project("{9A19103F-16F7-4668-BE54-9A1E7A4F7556}") = "Infrastructure", "Infrastructure\Infrastructure.csproj", "{9363565F-EE33-473B-A4E0-2C3F4E2E1E6D}"
EndProject
Project("{9A19103F-16F7-4668-BE54-9A1E7A4F7556}") = "Infrastructure.Redis", "Infrastructure.Redis\Infrastructure.Redis.csproj", "{C5F4B0DF-2C42-4820-8CB4-73172687FCD3}"
EndProject
Project("{FAE04EC0-301F-11D3-BF4B-00C04F79EFBC}") = "Infrastructure.Core", "Infrastructure.Core\Infrastructure.Core.csproj", "{A775ABEF-BA4C-4AB4-8329-1CB28E11077A}"
EndProject
Global
	GlobalSection(SolutionConfigurationPlatforms) = preSolution
		Debug|Any CPU = Debug|Any CPU
		Release|Any CPU = Release|Any CPU
	EndGlobalSection
	GlobalSection(ProjectConfigurationPlatforms) = postSolution
		{B26D4A7B-AD13-475F-98DF-9A9DBCE8785A}.Debug|Any CPU.ActiveCfg = Debug|Any CPU
		{B26D4A7B-AD13-475F-98DF-9A9DBCE8785A}.Debug|Any CPU.Build.0 = Debug|Any CPU
		{B26D4A7B-AD13-475F-98DF-9A9DBCE8785A}.Release|Any CPU.ActiveCfg = Release|Any CPU
		{B26D4A7B-AD13-475F-98DF-9A9DBCE8785A}.Release|Any CPU.Build.0 = Release|Any CPU
		{1D09D4F7-5533-4956-88E8-7DB2C7953184}.Debug|Any CPU.ActiveCfg = Debug|Any CPU
		{1D09D4F7-5533-4956-88E8-7DB2C7953184}.Debug|Any CPU.Build.0 = Debug|Any CPU
		{1D09D4F7-5533-4956-88E8-7DB2C7953184}.Release|Any CPU.ActiveCfg = Release|Any CPU
		{1D09D4F7-5533-4956-88E8-7DB2C7953184}.Release|Any CPU.Build.0 = Release|Any CPU
		{9363565F-EE33-473B-A4E0-2C3F4E2E1E6D}.Debug|Any CPU.ActiveCfg = Debug|Any CPU
		{9363565F-EE33-473B-A4E0-2C3F4E2E1E6D}.Debug|Any CPU.Build.0 = Debug|Any CPU
		{9363565F-EE33-473B-A4E0-2C3F4E2E1E6D}.Release|Any CPU.ActiveCfg = Release|Any CPU
		{9363565F-EE33-473B-A4E0-2C3F4E2E1E6D}.Release|Any CPU.Build.0 = Release|Any CPU
		{C5F4B0DF-2C42-4820-8CB4-73172687FCD3}.Debug|Any CPU.ActiveCfg = Debug|Any CPU
		{C5F4B0DF-2C42-4820-8CB4-73172687FCD3}.Debug|Any CPU.Build.0 = Debug|Any CPU
		{C5F4B0DF-2C42-4820-8CB4-73172687FCD3}.Release|Any CPU.ActiveCfg = Release|Any CPU
		{C5F4B0DF-2C42-4820-8CB4-73172687FCD3}.Release|Any CPU.Build.0 = Release|Any CPU
		{A775ABEF-BA4C-4AB4-8329-1CB28E11077A}.Debug|Any CPU.ActiveCfg = Debug|Any CPU
		{A775ABEF-BA4C-4AB4-8329-1CB28E11077A}.Debug|Any CPU.Build.0 = Debug|Any CPU
		{A775ABEF-BA4C-4AB4-8329-1CB28E11077A}.Release|Any CPU.ActiveCfg = Release|Any CPU
		{A775ABEF-BA4C-4AB4-8329-1CB28E11077A}.Release|Any CPU.Build.0 = Release|Any CPU
	EndGlobalSection
	GlobalSection(SolutionProperties) = preSolution
		HideSolutionNode = FALSE
	EndGlobalSection
	GlobalSection(ExtensibilityGlobals) = postSolution
		SolutionGuid = {6AD01633-7A23-468C-8CCC-610D433031BD}
	EndGlobalSection
EndGlobal
